
Microsoft Visual Studio Solution File, Format Version 12.00
# Visual Studio Version 16
VisualStudioVersion = 16.0.30711.63
MinimumVisualStudioVersion = 10.0.40219.1
Project("{8BC9CEB8-8B4A-11D0-8D11-00A0C91BC942}") = "C1.P1000", "C1.P1000\C1.P1000.vcxproj", "{8E4505A2-8A5B-4CBD-A7B2-34934DEE094B}"
EndProject
Project("{8BC9CEB8-8B4A-11D0-8D11-00A0C91BC942}") = "C1.P1001", "C1.P1001\C1.P1001.vcxproj", "{E64BED00-963E-44AB-BD17-A5D6D1846311}"
EndProject
Project("{8BC9CEB8-8B4A-11D0-8D11-00A0C91BC942}") = "C1.P1008", "C1.P1008\C1.P1008.vcxproj", "{AC38EBF3-E0B4-4AB6-A0F4-D5166E036A53}"
EndProject
Project("{8BC9CEB8-8B4A-11D0-8D11-00A0C91BC942}") = "C1.P1152", "C1.P1152\C1.P1152.vcxproj", "{C3E6204A-3E7F-4C1E-9C67-2ECA5C1C54EC}"
EndProject
Project("{8BC9CEB8-8B4A-11D0-8D11-00A0C91BC942}") = "C1.P1157", "C1.P1157\C1.P1157.vcxproj", "{4A70866F-5BD3-4B75-B494-C428F70D2CD0}"
EndProject
Project("{8BC9CEB8-8B4A-11D0-8D11-00A0C91BC942}") = "C1.P1330", "C1.P1330\C1.P1330.vcxproj", "{1C75EF72-2F10-49A2-B4A0-778B057B63C2}"
EndProject
Project("{8BC9CEB8-8B4A-11D0-8D11-00A0C91BC942}") = "C1.P2557", "C1.P2557\C1.P2557.vcxproj", "{1D75DC92-C407-4F9C-9A3A-B480EDCA6DDB}"
EndProject
Project("{8BC9CEB8-8B4A-11D0-8D11-00A0C91BC942}") = "C1.P1546", "C1.P1546\C1.P1546.vcxproj", "{105B7D0A-C9C0-40FB-B5D3-3794924AF60E}"
EndProject
Project("{8BC9CEB8-8B4A-11D0-8D11-00A0C91BC942}") = "C1.P2438", "C1.P2438\C1.P2438.vcxproj", "{7EF37029-D893-4057-9E1D-264491EC9FE2}"
EndProject
Project("{8BC9CEB8-8B4A-11D0-8D11-00A0C91BC942}") = "C1.P2439", "C1.P2439\C1.P2439.vcxproj", "{472CE411-8052-4CBC-B761-E15F13040D8B}"
EndProject
Project("{8BC9CEB8-8B4A-11D0-8D11-00A0C91BC942}") = "C1.P2475", "C1.P2475\C1.P2475.vcxproj", "{931D8A73-41EC-4C27-89C9-C1F6179C9961}"
EndProject
Project("{8BC9CEB8-8B4A-11D0-8D11-00A0C91BC942}") = "C1.P2562", "C1.P2562\C1.P2562.vcxproj", "{602C2B62-4F27-4D51-B5A1-C4FC30613A58}"
EndProject
Project("{8BC9CEB8-8B4A-11D0-8D11-00A0C91BC942}") = "C1.P2577", "C1.P2577\C1.P2577.vcxproj", "{CA1262A1-174B-412B-8C62-7DB2E7563154}"
EndProject
Project("{8BC9CEB8-8B4A-11D0-8D11-00A0C91BC942}") = "C1.P2675", "C1.P2675\C1.P2675.vcxproj", "{54F4A68B-6760-44A0-85BC-58945F9E38DF}"
EndProject
Project("{8BC9CEB8-8B4A-11D0-8D11-00A0C91BC942}") = "C1.P2739", "C1.P2739\C1.P2739.vcxproj", "{5466C9AA-45EE-4B52-AF87-1F243C923747}"
EndProject
Project("{8BC9CEB8-8B4A-11D0-8D11-00A0C91BC942}") = "C1.P2741", "C1.P2741\C1.P2741.vcxproj", "{BFCE891F-9E97-4BFF-927F-6E57DABB4E5C}"
EndProject
Project("{8BC9CEB8-8B4A-11D0-8D11-00A0C91BC942}") = "C1.P2742", "C1.P2742\C1.P2742.vcxproj", "{23BF523F-8C0D-49A2-AE0E-111182772D5F}"
EndProject
Project("{8BC9CEB8-8B4A-11D0-8D11-00A0C91BC942}") = "C1.P2753", "C1.P2753\C1.P2753.vcxproj", "{87164C35-22F0-4F94-889C-F536B101FFEF}"
EndProject
Project("{8BC9CEB8-8B4A-11D0-8D11-00A0C91BC942}") = "C1.P2884", "C1.P2884\C1.P2884.vcxproj", "{28BA7424-2A6E-4A2A-969A-8007AB53FCA1}"
EndProject
Global
	GlobalSection(SolutionConfigurationPlatforms) = preSolution
		Debug|Any CPU = Debug|Any CPU
		Debug|x64 = Debug|x64
		Debug|x86 = Debug|x86
		Release|Any CPU = Release|Any CPU
		Release|x64 = Release|x64
		Release|x86 = Release|x86
	EndGlobalSection
	GlobalSection(ProjectConfigurationPlatforms) = postSolution
		{8E4505A2-8A5B-4CBD-A7B2-34934DEE094B}.Debug|Any CPU.ActiveCfg = Debug|Win32
		{8E4505A2-8A5B-4CBD-A7B2-34934DEE094B}.Debug|x64.ActiveCfg = Debug|x64
		{8E4505A2-8A5B-4CBD-A7B2-34934DEE094B}.Debug|x64.Build.0 = Debug|x64
		{8E4505A2-8A5B-4CBD-A7B2-34934DEE094B}.Debug|x86.ActiveCfg = Debug|Win32
		{8E4505A2-8A5B-4CBD-A7B2-34934DEE094B}.Debug|x86.Build.0 = Debug|Win32
		{8E4505A2-8A5B-4CBD-A7B2-34934DEE094B}.Release|Any CPU.ActiveCfg = Release|Win32
		{8E4505A2-8A5B-4CBD-A7B2-34934DEE094B}.Release|x64.ActiveCfg = Release|x64
		{8E4505A2-8A5B-4CBD-A7B2-34934DEE094B}.Release|x64.Build.0 = Release|x64
		{8E4505A2-8A5B-4CBD-A7B2-34934DEE094B}.Release|x86.ActiveCfg = Release|Win32
		{8E4505A2-8A5B-4CBD-A7B2-34934DEE094B}.Release|x86.Build.0 = Release|Win32
		{E64BED00-963E-44AB-BD17-A5D6D1846311}.Debug|Any CPU.ActiveCfg = Debug|Win32
		{E64BED00-963E-44AB-BD17-A5D6D1846311}.Debug|x64.ActiveCfg = Debug|x64
		{E64BED00-963E-44AB-BD17-A5D6D1846311}.Debug|x64.Build.0 = Debug|x64
		{E64BED00-963E-44AB-BD17-A5D6D1846311}.Debug|x86.ActiveCfg = Debug|Win32
		{E64BED00-963E-44AB-BD17-A5D6D1846311}.Debug|x86.Build.0 = Debug|Win32
		{E64BED00-963E-44AB-BD17-A5D6D1846311}.Release|Any CPU.ActiveCfg = Release|Win32
		{E64BED00-963E-44AB-BD17-A5D6D1846311}.Release|x64.ActiveCfg = Release|x64
		{E64BED00-963E-44AB-BD17-A5D6D1846311}.Release|x64.Build.0 = Release|x64
		{E64BED00-963E-44AB-BD17-A5D6D1846311}.Release|x86.ActiveCfg = Release|Win32
		{E64BED00-963E-44AB-BD17-A5D6D1846311}.Release|x86.Build.0 = Release|Win32
		{AC38EBF3-E0B4-4AB6-A0F4-D5166E036A53}.Debug|Any CPU.ActiveCfg = Debug|Win32
		{AC38EBF3-E0B4-4AB6-A0F4-D5166E036A53}.Debug|x64.ActiveCfg = Debug|x64
		{AC38EBF3-E0B4-4AB6-A0F4-D5166E036A53}.Debug|x64.Build.0 = Debug|x64
		{AC38EBF3-E0B4-4AB6-A0F4-D5166E036A53}.Debug|x86.ActiveCfg = Debug|Win32
		{AC38EBF3-E0B4-4AB6-A0F4-D5166E036A53}.Debug|x86.Build.0 = Debug|Win32
		{AC38EBF3-E0B4-4AB6-A0F4-D5166E036A53}.Release|Any CPU.ActiveCfg = Release|Win32
		{AC38EBF3-E0B4-4AB6-A0F4-D5166E036A53}.Release|x64.ActiveCfg = Release|x64
		{AC38EBF3-E0B4-4AB6-A0F4-D5166E036A53}.Release|x64.Build.0 = Release|x64
		{AC38EBF3-E0B4-4AB6-A0F4-D5166E036A53}.Release|x86.ActiveCfg = Release|Win32
		{AC38EBF3-E0B4-4AB6-A0F4-D5166E036A53}.Release|x86.Build.0 = Release|Win32
		{C3E6204A-3E7F-4C1E-9C67-2ECA5C1C54EC}.Debug|Any CPU.ActiveCfg = Debug|Win32
		{C3E6204A-3E7F-4C1E-9C67-2ECA5C1C54EC}.Debug|x64.ActiveCfg = Debug|x64
		{C3E6204A-3E7F-4C1E-9C67-2ECA5C1C54EC}.Debug|x64.Build.0 = Debug|x64
		{C3E6204A-3E7F-4C1E-9C67-2ECA5C1C54EC}.Debug|x86.ActiveCfg = Debug|Win32
		{C3E6204A-3E7F-4C1E-9C67-2ECA5C1C54EC}.Debug|x86.Build.0 = Debug|Win32
		{C3E6204A-3E7F-4C1E-9C67-2ECA5C1C54EC}.Release|Any CPU.ActiveCfg = Release|Win32
		{C3E6204A-3E7F-4C1E-9C67-2ECA5C1C54EC}.Release|x64.ActiveCfg = Release|x64
		{C3E6204A-3E7F-4C1E-9C67-2ECA5C1C54EC}.Release|x64.Build.0 = Release|x64
		{C3E6204A-3E7F-4C1E-9C67-2ECA5C1C54EC}.Release|x86.ActiveCfg = Release|Win32
		{C3E6204A-3E7F-4C1E-9C67-2ECA5C1C54EC}.Release|x86.Build.0 = Release|Win32
		{4A70866F-5BD3-4B75-B494-C428F70D2CD0}.Debug|Any CPU.ActiveCfg = Debug|Win32
		{4A70866F-5BD3-4B75-B494-C428F70D2CD0}.Debug|x64.ActiveCfg = Debug|x64
		{4A70866F-5BD3-4B75-B494-C428F70D2CD0}.Debug|x64.Build.0 = Debug|x64
		{4A70866F-5BD3-4B75-B494-C428F70D2CD0}.Debug|x86.ActiveCfg = Debug|Win32
		{4A70866F-5BD3-4B75-B494-C428F70D2CD0}.Debug|x86.Build.0 = Debug|Win32
		{4A70866F-5BD3-4B75-B494-C428F70D2CD0}.Release|Any CPU.ActiveCfg = Release|Win32
		{4A70866F-5BD3-4B75-B494-C428F70D2CD0}.Release|x64.ActiveCfg = Release|x64
		{4A70866F-5BD3-4B75-B494-C428F70D2CD0}.Release|x64.Build.0 = Release|x64
		{4A70866F-5BD3-4B75-B494-C428F70D2CD0}.Release|x86.ActiveCfg = Release|Win32
		{4A70866F-5BD3-4B75-B494-C428F70D2CD0}.Release|x86.Build.0 = Release|Win32
		{1C75EF72-2F10-49A2-B4A0-778B057B63C2}.Debug|Any CPU.ActiveCfg = Debug|Win32
		{1C75EF72-2F10-49A2-B4A0-778B057B63C2}.Debug|x64.ActiveCfg = Debug|x64
		{1C75EF72-2F10-49A2-B4A0-778B057B63C2}.Debug|x64.Build.0 = Debug|x64
		{1C75EF72-2F10-49A2-B4A0-778B057B63C2}.Debug|x86.ActiveCfg = Debug|Win32
		{1C75EF72-2F10-49A2-B4A0-778B057B63C2}.Debug|x86.Build.0 = Debug|Win32
		{1C75EF72-2F10-49A2-B4A0-778B057B63C2}.Release|Any CPU.ActiveCfg = Release|Win32
		{1C75EF72-2F10-49A2-B4A0-778B057B63C2}.Release|x64.ActiveCfg = Release|x64
		{1C75EF72-2F10-49A2-B4A0-778B057B63C2}.Release|x64.Build.0 = Release|x64
		{1C75EF72-2F10-49A2-B4A0-778B057B63C2}.Release|x86.ActiveCfg = Release|Win32
		{1C75EF72-2F10-49A2-B4A0-778B057B63C2}.Release|x86.Build.0 = Release|Win32
		{1D75DC92-C407-4F9C-9A3A-B480EDCA6DDB}.Debug|Any CPU.ActiveCfg = Debug|Win32
		{1D75DC92-C407-4F9C-9A3A-B480EDCA6DDB}.Debug|x64.ActiveCfg = Debug|x64
		{1D75DC92-C407-4F9C-9A3A-B480EDCA6DDB}.Debug|x64.Build.0 = Debug|x64
		{1D75DC92-C407-4F9C-9A3A-B480EDCA6DDB}.Debug|x86.ActiveCfg = Debug|Win32
		{1D75DC92-C407-4F9C-9A3A-B480EDCA6DDB}.Debug|x86.Build.0 = Debug|Win32
		{1D75DC92-C407-4F9C-9A3A-B480EDCA6DDB}.Release|Any CPU.ActiveCfg = Release|Win32
		{1D75DC92-C407-4F9C-9A3A-B480EDCA6DDB}.Release|x64.ActiveCfg = Release|x64
		{1D75DC92-C407-4F9C-9A3A-B480EDCA6DDB}.Release|x64.Build.0 = Release|x64
		{1D75DC92-C407-4F9C-9A3A-B480EDCA6DDB}.Release|x86.ActiveCfg = Release|Win32
		{1D75DC92-C407-4F9C-9A3A-B480EDCA6DDB}.Release|x86.Build.0 = Release|Win32
		{105B7D0A-C9C0-40FB-B5D3-3794924AF60E}.Debug|Any CPU.ActiveCfg = Debug|Win32
		{105B7D0A-C9C0-40FB-B5D3-3794924AF60E}.Debug|x64.ActiveCfg = Debug|x64
		{105B7D0A-C9C0-40FB-B5D3-3794924AF60E}.Debug|x64.Build.0 = Debug|x64
		{105B7D0A-C9C0-40FB-B5D3-3794924AF60E}.Debug|x86.ActiveCfg = Debug|Win32
		{105B7D0A-C9C0-40FB-B5D3-3794924AF60E}.Debug|x86.Build.0 = Debug|Win32
		{105B7D0A-C9C0-40FB-B5D3-3794924AF60E}.Release|Any CPU.ActiveCfg = Release|Win32
		{105B7D0A-C9C0-40FB-B5D3-3794924AF60E}.Release|x64.ActiveCfg = Release|x64
		{105B7D0A-C9C0-40FB-B5D3-3794924AF60E}.Release|x64.Build.0 = Release|x64
		{105B7D0A-C9C0-40FB-B5D3-3794924AF60E}.Release|x86.ActiveCfg = Release|Win32
		{105B7D0A-C9C0-40FB-B5D3-3794924AF60E}.Release|x86.Build.0 = Release|Win32
		{7EF37029-D893-4057-9E1D-264491EC9FE2}.Debug|Any CPU.ActiveCfg = Debug|Win32
		{7EF37029-D893-4057-9E1D-264491EC9FE2}.Debug|x64.ActiveCfg = Debug|x64
		{7EF37029-D893-4057-9E1D-264491EC9FE2}.Debug|x64.Build.0 = Debug|x64
		{7EF37029-D893-4057-9E1D-264491EC9FE2}.Debug|x86.ActiveCfg = Debug|Win32
		{7EF37029-D893-4057-9E1D-264491EC9FE2}.Debug|x86.Build.0 = Debug|Win32
		{7EF37029-D893-4057-9E1D-264491EC9FE2}.Release|Any CPU.ActiveCfg = Release|Win32
		{7EF37029-D893-4057-9E1D-264491EC9FE2}.Release|x64.ActiveCfg = Release|x64
		{7EF37029-D893-4057-9E1D-264491EC9FE2}.Release|x64.Build.0 = Release|x64
		{7EF37029-D893-4057-9E1D-264491EC9FE2}.Release|x86.ActiveCfg = Release|Win32
		{7EF37029-D893-4057-9E1D-264491EC9FE2}.Release|x86.Build.0 = Release|Win32
		{472CE411-8052-4CBC-B761-E15F13040D8B}.Debug|Any CPU.ActiveCfg = Debug|Win32
		{472CE411-8052-4CBC-B761-E15F13040D8B}.Debug|x64.ActiveCfg = Debug|x64
		{472CE411-8052-4CBC-B761-E15F13040D8B}.Debug|x64.Build.0 = Debug|x64
		{472CE411-8052-4CBC-B761-E15F13040D8B}.Debug|x86.ActiveCfg = Debug|Win32
		{472CE411-8052-4CBC-B761-E15F13040D8B}.Debug|x86.Build.0 = Debug|Win32
		{472CE411-8052-4CBC-B761-E15F13040D8B}.Release|Any CPU.ActiveCfg = Release|Win32
		{472CE411-8052-4CBC-B761-E15F13040D8B}.Release|x64.ActiveCfg = Release|x64
		{472CE411-8052-4CBC-B761-E15F13040D8B}.Release|x64.Build.0 = Release|x64
		{472CE411-8052-4CBC-B761-E15F13040D8B}.Release|x86.ActiveCfg = Release|Win32
		{472CE411-8052-4CBC-B761-E15F13040D8B}.Release|x86.Build.0 = Release|Win32
		{931D8A73-41EC-4C27-89C9-C1F6179C9961}.Debug|Any CPU.ActiveCfg = Debug|Win32
		{931D8A73-41EC-4C27-89C9-C1F6179C9961}.Debug|x64.ActiveCfg = Debug|x64
		{931D8A73-41EC-4C27-89C9-C1F6179C9961}.Debug|x64.Build.0 = Debug|x64
		{931D8A73-41EC-4C27-89C9-C1F6179C9961}.Debug|x86.ActiveCfg = Debug|Win32
		{931D8A73-41EC-4C27-89C9-C1F6179C9961}.Debug|x86.Build.0 = Debug|Win32
		{931D8A73-41EC-4C27-89C9-C1F6179C9961}.Release|Any CPU.ActiveCfg = Release|Win32
		{931D8A73-41EC-4C27-89C9-C1F6179C9961}.Release|x64.ActiveCfg = Release|x64
		{931D8A73-41EC-4C27-89C9-C1F6179C9961}.Release|x64.Build.0 = Release|x64
		{931D8A73-41EC-4C27-89C9-C1F6179C9961}.Release|x86.ActiveCfg = Release|Win32
		{931D8A73-41EC-4C27-89C9-C1F6179C9961}.Release|x86.Build.0 = Release|Win32
		{602C2B62-4F27-4D51-B5A1-C4FC30613A58}.Debug|Any CPU.ActiveCfg = Debug|Win32
		{602C2B62-4F27-4D51-B5A1-C4FC30613A58}.Debug|x64.ActiveCfg = Debug|x64
		{602C2B62-4F27-4D51-B5A1-C4FC30613A58}.Debug|x64.Build.0 = Debug|x64
		{602C2B62-4F27-4D51-B5A1-C4FC30613A58}.Debug|x86.ActiveCfg = Debug|Win32
		{602C2B62-4F27-4D51-B5A1-C4FC30613A58}.Debug|x86.Build.0 = Debug|Win32
		{602C2B62-4F27-4D51-B5A1-C4FC30613A58}.Release|Any CPU.ActiveCfg = Release|Win32
		{602C2B62-4F27-4D51-B5A1-C4FC30613A58}.Release|x64.ActiveCfg = Release|x64
		{602C2B62-4F27-4D51-B5A1-C4FC30613A58}.Release|x64.Build.0 = Release|x64
		{602C2B62-4F27-4D51-B5A1-C4FC30613A58}.Release|x86.ActiveCfg = Release|Win32
		{602C2B62-4F27-4D51-B5A1-C4FC30613A58}.Release|x86.Build.0 = Release|Win32
		{CA1262A1-174B-412B-8C62-7DB2E7563154}.Debug|Any CPU.ActiveCfg = Debug|Win32
		{CA1262A1-174B-412B-8C62-7DB2E7563154}.Debug|x64.ActiveCfg = Debug|x64
		{CA1262A1-174B-412B-8C62-7DB2E7563154}.Debug|x64.Build.0 = Debug|x64
		{CA1262A1-174B-412B-8C62-7DB2E7563154}.Debug|x86.ActiveCfg = Debug|Win32
		{CA1262A1-174B-412B-8C62-7DB2E7563154}.Debug|x86.Build.0 = Debug|Win32
		{CA1262A1-174B-412B-8C62-7DB2E7563154}.Release|Any CPU.ActiveCfg = Release|Win32
		{CA1262A1-174B-412B-8C62-7DB2E7563154}.Release|x64.ActiveCfg = Release|x64
		{CA1262A1-174B-412B-8C62-7DB2E7563154}.Release|x64.Build.0 = Release|x64
		{CA1262A1-174B-412B-8C62-7DB2E7563154}.Release|x86.ActiveCfg = Release|Win32
		{CA1262A1-174B-412B-8C62-7DB2E7563154}.Release|x86.Build.0 = Release|Win32
		{54F4A68B-6760-44A0-85BC-58945F9E38DF}.Debug|Any CPU.ActiveCfg = Debug|Win32
		{54F4A68B-6760-44A0-85BC-58945F9E38DF}.Debug|x64.ActiveCfg = Debug|x64
		{54F4A68B-6760-44A0-85BC-58945F9E38DF}.Debug|x64.Build.0 = Debug|x64
		{54F4A68B-6760-44A0-85BC-58945F9E38DF}.Debug|x86.ActiveCfg = Debug|Win32
		{54F4A68B-6760-44A0-85BC-58945F9E38DF}.Debug|x86.Build.0 = Debug|Win32
		{54F4A68B-6760-44A0-85BC-58945F9E38DF}.Release|Any CPU.ActiveCfg = Release|Win32
		{54F4A68B-6760-44A0-85BC-58945F9E38DF}.Release|x64.ActiveCfg = Release|x64
		{54F4A68B-6760-44A0-85BC-58945F9E38DF}.Release|x64.Build.0 = Release|x64
		{54F4A68B-6760-44A0-85BC-58945F9E38DF}.Release|x86.ActiveCfg = Release|Win32
		{54F4A68B-6760-44A0-85BC-58945F9E38DF}.Release|x86.Build.0 = Release|Win32
		{5466C9AA-45EE-4B52-AF87-1F243C923747}.Debug|Any CPU.ActiveCfg = Debug|Win32
		{5466C9AA-45EE-4B52-AF87-1F243C923747}.Debug|x64.ActiveCfg = Debug|x64
		{5466C9AA-45EE-4B52-AF87-1F243C923747}.Debug|x64.Build.0 = Debug|x64
		{5466C9AA-45EE-4B52-AF87-1F243C923747}.Debug|x86.ActiveCfg = Debug|Win32
		{5466C9AA-45EE-4B52-AF87-1F243C923747}.Debug|x86.Build.0 = Debug|Win32
		{5466C9AA-45EE-4B52-AF87-1F243C923747}.Release|Any CPU.ActiveCfg = Release|Win32
		{5466C9AA-45EE-4B52-AF87-1F243C923747}.Release|x64.ActiveCfg = Release|x64
		{5466C9AA-45EE-4B52-AF87-1F243C923747}.Release|x64.Build.0 = Release|x64
		{5466C9AA-45EE-4B52-AF87-1F243C923747}.Release|x86.ActiveCfg = Release|Win32
		{5466C9AA-45EE-4B52-AF87-1F243C923747}.Release|x86.Build.0 = Release|Win32
		{BFCE891F-9E97-4BFF-927F-6E57DABB4E5C}.Debug|Any CPU.ActiveCfg = Debug|Win32
		{BFCE891F-9E97-4BFF-927F-6E57DABB4E5C}.Debug|x64.ActiveCfg = Debug|x64
		{BFCE891F-9E97-4BFF-927F-6E57DABB4E5C}.Debug|x64.Build.0 = Debug|x64
		{BFCE891F-9E97-4BFF-927F-6E57DABB4E5C}.Debug|x86.ActiveCfg = Debug|Win32
		{BFCE891F-9E97-4BFF-927F-6E57DABB4E5C}.Debug|x86.Build.0 = Debug|Win32
		{BFCE891F-9E97-4BFF-927F-6E57DABB4E5C}.Release|Any CPU.ActiveCfg = Release|Win32
		{BFCE891F-9E97-4BFF-927F-6E57DABB4E5C}.Release|x64.ActiveCfg = Release|x64
		{BFCE891F-9E97-4BFF-927F-6E57DABB4E5C}.Release|x64.Build.0 = Release|x64
		{BFCE891F-9E97-4BFF-927F-6E57DABB4E5C}.Release|x86.ActiveCfg = Release|Win32
		{BFCE891F-9E97-4BFF-927F-6E57DABB4E5C}.Release|x86.Build.0 = Release|Win32
		{23BF523F-8C0D-49A2-AE0E-111182772D5F}.Debug|Any CPU.ActiveCfg = Debug|Win32
		{23BF523F-8C0D-49A2-AE0E-111182772D5F}.Debug|x64.ActiveCfg = Debug|x64
		{23BF523F-8C0D-49A2-AE0E-111182772D5F}.Debug|x64.Build.0 = Debug|x64
		{23BF523F-8C0D-49A2-AE0E-111182772D5F}.Debug|x86.ActiveCfg = Debug|Win32
		{23BF523F-8C0D-49A2-AE0E-111182772D5F}.Debug|x86.Build.0 = Debug|Win32
		{23BF523F-8C0D-49A2-AE0E-111182772D5F}.Release|Any CPU.ActiveCfg = Release|Win32
		{23BF523F-8C0D-49A2-AE0E-111182772D5F}.Release|x64.ActiveCfg = Release|x64
		{23BF523F-8C0D-49A2-AE0E-111182772D5F}.Release|x64.Build.0 = Release|x64
		{23BF523F-8C0D-49A2-AE0E-111182772D5F}.Release|x86.ActiveCfg = Release|Win32
		{23BF523F-8C0D-49A2-AE0E-111182772D5F}.Release|x86.Build.0 = Release|Win32
		{87164C35-22F0-4F94-889C-F536B101FFEF}.Debug|Any CPU.ActiveCfg = Debug|Win32
		{87164C35-22F0-4F94-889C-F536B101FFEF}.Debug|x64.ActiveCfg = Debug|x64
		{87164C35-22F0-4F94-889C-F536B101FFEF}.Debug|x64.Build.0 = Debug|x64
		{87164C35-22F0-4F94-889C-F536B101FFEF}.Debug|x86.ActiveCfg = Debug|Win32
		{87164C35-22F0-4F94-889C-F536B101FFEF}.Debug|x86.Build.0 = Debug|Win32
		{87164C35-22F0-4F94-889C-F536B101FFEF}.Release|Any CPU.ActiveCfg = Release|Win32
		{87164C35-22F0-4F94-889C-F536B101FFEF}.Release|x64.ActiveCfg = Release|x64
		{87164C35-22F0-4F94-889C-F536B101FFEF}.Release|x64.Build.0 = Release|x64
		{87164C35-22F0-4F94-889C-F536B101FFEF}.Release|x86.ActiveCfg = Release|Win32
		{87164C35-22F0-4F94-889C-F536B101FFEF}.Release|x86.Build.0 = Release|Win32
		{28BA7424-2A6E-4A2A-969A-8007AB53FCA1}.Debug|Any CPU.ActiveCfg = Debug|Win32
		{28BA7424-2A6E-4A2A-969A-8007AB53FCA1}.Debug|x64.ActiveCfg = Debug|x64
		{28BA7424-2A6E-4A2A-969A-8007AB53FCA1}.Debug|x64.Build.0 = Debug|x64
		{28BA7424-2A6E-4A2A-969A-8007AB53FCA1}.Debug|x86.ActiveCfg = Debug|Win32
		{28BA7424-2A6E-4A2A-969A-8007AB53FCA1}.Debug|x86.Build.0 = Debug|Win32
		{28BA7424-2A6E-4A2A-969A-8007AB53FCA1}.Release|Any CPU.ActiveCfg = Release|Win32
		{28BA7424-2A6E-4A2A-969A-8007AB53FCA1}.Release|x64.ActiveCfg = Release|x64
		{28BA7424-2A6E-4A2A-969A-8007AB53FCA1}.Release|x64.Build.0 = Release|x64
		{28BA7424-2A6E-4A2A-969A-8007AB53FCA1}.Release|x86.ActiveCfg = Release|Win32
		{28BA7424-2A6E-4A2A-969A-8007AB53FCA1}.Release|x86.Build.0 = Release|Win32
	EndGlobalSection
	GlobalSection(SolutionProperties) = preSolution
		HideSolutionNode = FALSE
	EndGlobalSection
	GlobalSection(ExtensibilityGlobals) = postSolution
		SolutionGuid = {9F6F4A99-7A2E-4AED-A930-C6F36B8B86E3}
	EndGlobalSection
EndGlobal
